{
  "lockfileVersion": 1,
  "configVersion": 1,
  "workspaces": {
    "": {
      "dependencies": {
        "@fontsource/outfit": "^5.2.8",
      },
    },
  },
  "packages": {
    "@fontsource/outfit": ["@fontsource/outfit@5.2.8", "", {}, "sha512-rXC6g0MqD7cOBjht0bMqc43qM6lRqDLML9KXsmg9uykz0wLQhy8Z/ajrMG6iyoT3NJR+MYgU+OEHp7uHoTb+Yw=="],
  }
}
